# This file is automatically @generated by Cargo.
# It is not intended for manual editing.
version = 3

[[package]]
name = "by_address"
version = "1.1.0"
source = "registry+https://github.com/rust-lang/crates.io-index"
checksum = "bf8dba2868114ed769a1f2590fc9ae5eb331175b44313b6c9b922f8f7ca813d0"

[[package]]
name = "either"
version = "1.9.0"
source = "registry+https://github.com/rust-lang/crates.io-index"
checksum = "a26ae43d7bcc3b814de94796a5e736d4029efb0ee900c12e2d54c993ad1a1e07"

[[package]]
name = "hashable_rc"
version = "0.2.1"
source = "registry+https://github.com/rust-lang/crates.io-index"
checksum = "2782fc90c5d42929fcc55759818f8955a1cd8a170e5c526bfb5840779e5bea3d"

[[package]]
name = "indoc"
version = "2.0.3"
source = "registry+https://github.com/rust-lang/crates.io-index"
checksum = "2c785eefb63ebd0e33416dfcb8d6da0bf27ce752843a45632a67bf10d4d4b5c4"

[[package]]
name = "itertools"
version = "0.11.0"
source = "registry+https://github.com/rust-lang/crates.io-index"
checksum = "b1c173a5686ce8bfa551b3563d0c2170bf24ca44da99c7ca4bfdab5418c3fe57"
dependencies = [
 "either",
]

[[package]]
name = "parsley"
version = "0.1.0"
dependencies = [
 "by_address",
 "hashable_rc",
 "indoc",
 "itertools",
]
